
Microsoft Visual Studio Solution File, Format Version 12.00
# Visual Studio Version 16
VisualStudioVersion = 16.0.31729.503
MinimumVisualStudioVersion = 10.0.40219.1
Project("{FAE04EC0-301F-11D3-BF4B-00C04F79EFBC}") = "KOCH", "KOCH\KOCH.csproj", "{15C75DF7-B94B-483D-9223-B1E9F17BA05F}"
EndProject
Project("{FAE04EC0-301F-11D3-BF4B-00C04F79EFBC}") = "KOCH.Tests", "KOCH.Tests\KOCH.Tests.csproj", "{AE0A9DD9-5B83-4AFD-AA15-3FEC0DCC4AF5}"
EndProject
Global
	GlobalSection(SolutionConfigurationPlatforms) = preSolution
		Debug|Any CPU = Debug|Any CPU
		Release|Any CPU = Release|Any CPU
	EndGlobalSection
	GlobalSection(ProjectConfigurationPlatforms) = postSolution
		{15C75DF7-B94B-483D-9223-B1E9F17BA05F}.Debug|Any CPU.ActiveCfg = Debug|Any CPU
		{15C75DF7-B94B-483D-9223-B1E9F17BA05F}.Debug|Any CPU.Build.0 = Debug|Any CPU
		{15C75DF7-B94B-483D-9223-B1E9F17BA05F}.Release|Any CPU.ActiveCfg = Release|Any CPU
		{15C75DF7-B94B-483D-9223-B1E9F17BA05F}.Release|Any CPU.Build.0 = Release|Any CPU
		{AE0A9DD9-5B83-4AFD-AA15-3FEC0DCC4AF5}.Debug|Any CPU.ActiveCfg = Debug|Any CPU
		{AE0A9DD9-5B83-4AFD-AA15-3FEC0DCC4AF5}.Debug|Any CPU.Build.0 = Debug|Any CPU
		{AE0A9DD9-5B83-4AFD-AA15-3FEC0DCC4AF5}.Release|Any CPU.ActiveCfg = Release|Any CPU
		{AE0A9DD9-5B83-4AFD-AA15-3FEC0DCC4AF5}.Release|Any CPU.Build.0 = Release|Any CPU
	EndGlobalSection
	GlobalSection(SolutionProperties) = preSolution
		HideSolutionNode = FALSE
	EndGlobalSection
	GlobalSection(ExtensibilityGlobals) = postSolution
		SolutionGuid = {898CFC32-6ECF-46F1-AD20-463DC103210D}
	EndGlobalSection
EndGlobal
